
Microsoft Visual Studio Solution File, Format Version 12.00
# Visual Studio 15
VisualStudioVersion = 15.0.28307.271
MinimumVisualStudioVersion = 10.0.40219.1
Project("{FAE04EC0-301F-11D3-BF4B-00C04F79EFBC}") = "copybot", "copybot\copybot.csproj", "{E69B0EBB-0FD3-4FB1-A2CE-1F26BCB2E861}"
EndProject
Project("{FAE04EC0-301F-11D3-BF4B-00C04F79EFBC}") = "TEST", "TEST\TEST.csproj", "{0EB6148C-74F0-4CF5-B83C-19E8C6FFA15C}"
EndProject
Global
	GlobalSection(SolutionConfigurationPlatforms) = preSolution
		Debug|Any CPU = Debug|Any CPU
		Release|Any CPU = Release|Any CPU
	EndGlobalSection
	GlobalSection(ProjectConfigurationPlatforms) = postSolution
		{E69B0EBB-0FD3-4FB1-A2CE-1F26BCB2E861}.Debug|Any CPU.ActiveCfg = Debug|Any CPU
		{E69B0EBB-0FD3-4FB1-A2CE-1F26BCB2E861}.Debug|Any CPU.Build.0 = Debug|Any CPU
		{E69B0EBB-0FD3-4FB1-A2CE-1F26BCB2E861}.Release|Any CPU.ActiveCfg = Release|Any CPU
		{E69B0EBB-0FD3-4FB1-A2CE-1F26BCB2E861}.Release|Any CPU.Build.0 = Release|Any CPU
		{0EB6148C-74F0-4CF5-B83C-19E8C6FFA15C}.Debug|Any CPU.ActiveCfg = Debug|Any CPU
		{0EB6148C-74F0-4CF5-B83C-19E8C6FFA15C}.Debug|Any CPU.Build.0 = Debug|Any CPU
		{0EB6148C-74F0-4CF5-B83C-19E8C6FFA15C}.Release|Any CPU.ActiveCfg = Release|Any CPU
		{0EB6148C-74F0-4CF5-B83C-19E8C6FFA15C}.Release|Any CPU.Build.0 = Release|Any CPU
	EndGlobalSection
	GlobalSection(SolutionProperties) = preSolution
		HideSolutionNode = FALSE
	EndGlobalSection
	GlobalSection(ExtensibilityGlobals) = postSolution
		SolutionGuid = {AFB0EA1D-921B-45AB-8314-EF0D64516DDF}
	EndGlobalSection
EndGlobal
